// !$*UTF8*$!
{
	archiveVersion = 1;
	classes = {
	};
	objectVersion = 48;
	objects = {

/* Begin PBXBuildFile section */
		2D1A11941F9E32B3004295A0 /* JSONParser.swift in Sources */ = {isa = PBXBuildFile; fileRef = 2D1A11931F9E32B3004295A0 /* JSONParser.swift */; };
		2D3B36671F7DE2AB009E9E65 /* MonthYearPickerView.swift in Sources */ = {isa = PBXBuildFile; fileRef = 2D3B36661F7DE2AB009E9E65 /* MonthYearPickerView.swift */; };
		2D3B36691F7DE413009E9E65 /* MonthYearPickerViewController.swift in Sources */ = {isa = PBXBuildFile; fileRef = 2D3B36681F7DE413009E9E65 /* MonthYearPickerViewController.swift */; };
		2D3B366C1F7E6003009E9E65 /* ChartViewController.swift in Sources */ = {isa = PBXBuildFile; fileRef = 2D3B366B1F7E6003009E9E65 /* ChartViewController.swift */; };
		2D5E7FFD1F7CEFE00065B656 /* SummaryTableViewCell.swift in Sources */ = {isa = PBXBuildFile; fileRef = 2D5E7FFC1F7CEFE00065B656 /* SummaryTableViewCell.swift */; };
		2D5E7FFF1F7CF16A0065B656 /* Triangle.swift in Sources */ = {isa = PBXBuildFile; fileRef = 2D5E7FFE1F7CF16A0065B656 /* Triangle.swift */; };
		2D5E80011F7D43EB0065B656 /* SimpleSummaryTableViewCell.swift in Sources */ = {isa = PBXBuildFile; fileRef = 2D5E80001F7D43EB0065B656 /* SimpleSummaryTableViewCell.swift */; };
		2D5E80041F7DC8BF0065B656 /* MainViewController.swift in Sources */ = {isa = PBXBuildFile; fileRef = 2D5E80031F7DC8BF0065B656 /* MainViewController.swift */; };
		2D63C83B1F7DCD680056E8BF /* Constant.swift in Sources */ = {isa = PBXBuildFile; fileRef = 2D63C83A1F7DCD680056E8BF /* Constant.swift */; };
		2D6689351F79E5DD001F56ED /* AppDelegate.swift in Sources */ = {isa = PBXBuildFile; fileRef = 2D6689341F79E5DD001F56ED /* AppDelegate.swift */; };
		2D6689371F79E5DD001F56ED /* ViewController.swift in Sources */ = {isa = PBXBuildFile; fileRef = 2D6689361F79E5DD001F56ED /* ViewController.swift */; };
		2D66893A1F79E5DD001F56ED /* Main.storyboard in Resources */ = {isa = PBXBuildFile; fileRef = 2D6689381F79E5DD001F56ED /* Main.storyboard */; };
		2D66893C1F79E5DD001F56ED /* Assets.xcassets in Resources */ = {isa = PBXBuildFile; fileRef = 2D66893B1F79E5DD001F56ED /* Assets.xcassets */; };
		2D66893F1F79E5DD001F56ED /* LaunchScreen.storyboard in Resources */ = {isa = PBXBuildFile; fileRef = 2D66893D1F79E5DD001F56ED /* LaunchScreen.storyboard */; };
		2D66894A1F79E5DD001F56ED /* DashboardTests.swift in Sources */ = {isa = PBXBuildFile; fileRef = 2D6689491F79E5DD001F56ED /* DashboardTests.swift */; };
		2D6689551F79E5DD001F56ED /* DashboardUITests.swift in Sources */ = {isa = PBXBuildFile; fileRef = 2D6689541F79E5DD001F56ED /* DashboardUITests.swift */; };
		2DC05D4D1F809F3100490C21 /* DashboardService.swift in Sources */ = {isa = PBXBuildFile; fileRef = 2DC05D4C1F809F3100490C21 /* DashboardService.swift */; };
		2DC05D501F80A10C00490C21 /* DashboardConstant.swift in Sources */ = {isa = PBXBuildFile; fileRef = 2DC05D4F1F80A10C00490C21 /* DashboardConstant.swift */; };
		2DC05D521F80A1D900490C21 /* Omzet.swift in Sources */ = {isa = PBXBuildFile; fileRef = 2DC05D511F80A1D900490C21 /* Omzet.swift */; };
		2DD56C601FA4F1E50061B21F /* NetProfit.swift in Sources */ = {isa = PBXBuildFile; fileRef = 2DD56C5F1FA4F1E50061B21F /* NetProfit.swift */; };
		2DE0FB271F7A0370007A89A5 /* DashboardChart.swift in Sources */ = {isa = PBXBuildFile; fileRef = 2DE0FB261F7A0370007A89A5 /* DashboardChart.swift */; };
		2DEE42151F7B7FD900BB6A52 /* MonthSlider.swift in Sources */ = {isa = PBXBuildFile; fileRef = 2DEE42141F7B7FD900BB6A52 /* MonthSlider.swift */; };
		2E9E96CB9BE788583DD04EDE /* Pods_Dashboard.framework in Frameworks */ = {isa = PBXBuildFile; fileRef = AB1F52F619696214FEA5FB4C /* Pods_Dashboard.framework */; };
		5FD51D914DFD8F9DDA2B9758 /* Pods_DashboardTests.framework in Frameworks */ = {isa = PBXBuildFile; fileRef = 0AFC58273D4D70DC2D0558DB /* Pods_DashboardTests.framework */; };
		C39F42A39ABD44FFF2CDABBD /* Pods_DashboardUITests.framework in Frameworks */ = {isa = PBXBuildFile; fileRef = 99F83BF65BA3E2A5DDC18765 /* Pods_DashboardUITests.framework */; };
/* End PBXBuildFile section */

/* Begin PBXContainerItemProxy section */
		2D6689461F79E5DD001F56ED /* PBXContainerItemProxy */ = {
			isa = PBXContainerItemProxy;
			containerPortal = 2D6689291F79E5DD001F56ED /* Project object */;
			proxyType = 1;
			remoteGlobalIDString = 2D6689301F79E5DD001F56ED;
			remoteInfo = Dashboard;
		};
		2D6689511F79E5DD001F56ED /* PBXContainerItemProxy */ = {
			isa = PBXContainerItemProxy;
			containerPortal = 2D6689291F79E5DD001F56ED /* Project object */;
			proxyType = 1;
			remoteGlobalIDString = 2D6689301F79E5DD001F56ED;
			remoteInfo = Dashboard;
		};
/* End PBXContainerItemProxy section */

/* Begin PBXFileReference section */
		0AFC58273D4D70DC2D0558DB /* Pods_DashboardTests.framework */ = {isa = PBXFileReference; explicitFileType = wrapper.framework; includeInIndex = 0; path = Pods_DashboardTests.framework; sourceTree = BUILT_PRODUCTS_DIR; };
		1DF25D03480E6536FC84A187 /* Pods-DashboardUITests.debug.xcconfig */ = {isa = PBXFileReference; includeInIndex = 1; lastKnownFileType = text.xcconfig; name = "Pods-DashboardUITests.debug.xcconfig"; path = "Pods/Target Support Files/Pods-DashboardUITests/Pods-DashboardUITests.debug.xcconfig"; sourceTree = "<group>"; };
		23D5393780292FE68267E4A7 /* Pods-DashboardUITests.release.xcconfig */ = {isa = PBXFileReference; includeInIndex = 1; lastKnownFileType = text.xcconfig; name = "Pods-DashboardUITests.release.xcconfig"; path = "Pods/Target Support Files/Pods-DashboardUITests/Pods-DashboardUITests.release.xcconfig"; sourceTree = "<group>"; };
		2CBAAD23385221E30C4F6755 /* Pods-DashboardTests.release.xcconfig */ = {isa = PBXFileReference; includeInIndex = 1; lastKnownFileType = text.xcconfig; name = "Pods-DashboardTests.release.xcconfig"; path = "Pods/Target Support Files/Pods-DashboardTests/Pods-DashboardTests.release.xcconfig"; sourceTree = "<group>"; };
		2D1A11931F9E32B3004295A0 /* JSONParser.swift */ = {isa = PBXFileReference; lastKnownFileType = sourcecode.swift; path = JSONParser.swift; sourceTree = "<group>"; };
		2D3B36661F7DE2AB009E9E65 /* MonthYearPickerView.swift */ = {isa = PBXFileReference; lastKnownFileType = sourcecode.swift; path = MonthYearPickerView.swift; sourceTree = "<group>"; };
		2D3B36681F7DE413009E9E65 /* MonthYearPickerViewController.swift */ = {isa = PBXFileReference; lastKnownFileType = sourcecode.swift; path = MonthYearPickerViewController.swift; sourceTree = "<group>"; };
		2D3B366B1F7E6003009E9E65 /* ChartViewController.swift */ = {isa = PBXFileReference; lastKnownFileType = sourcecode.swift; path = ChartViewController.swift; sourceTree = "<group>"; };
		2D5E7FFC1F7CEFE00065B656 /* SummaryTableViewCell.swift */ = {isa = PBXFileReference; lastKnownFileType = sourcecode.swift; path = SummaryTableViewCell.swift; sourceTree = "<group>"; };
		2D5E7FFE1F7CF16A0065B656 /* Triangle.swift */ = {isa = PBXFileReference; lastKnownFileType = sourcecode.swift; path = Triangle.swift; sourceTree = "<group>"; };
		2D5E80001F7D43EB0065B656 /* SimpleSummaryTableViewCell.swift */ = {isa = PBXFileReference; lastKnownFileType = sourcecode.swift; path = SimpleSummaryTableViewCell.swift; sourceTree = "<group>"; };
		2D5E80031F7DC8BF0065B656 /* MainViewController.swift */ = {isa = PBXFileReference; lastKnownFileType = sourcecode.swift; path = MainViewController.swift; sourceTree = "<group>"; };
		2D63C83A1F7DCD680056E8BF /* Constant.swift */ = {isa = PBXFileReference; lastKnownFileType = sourcecode.swift; path = Constant.swift; sourceTree = "<group>"; };
		2D6689311F79E5DD001F56ED /* Dashboard.app */ = {isa = PBXFileReference; explicitFileType = wrapper.application; includeInIndex = 0; path = Dashboard.app; sourceTree = BUILT_PRODUCTS_DIR; };
		2D6689341F79E5DD001F56ED /* AppDelegate.swift */ = {isa = PBXFileReference; lastKnownFileType = sourcecode.swift; path = AppDelegate.swift; sourceTree = "<group>"; };
		2D6689361F79E5DD001F56ED /* ViewController.swift */ = {isa = PBXFileReference; lastKnownFileType = sourcecode.swift; path = ViewController.swift; sourceTree = "<group>"; };
		2D6689391F79E5DD001F56ED /* Base */ = {isa = PBXFileReference; lastKnownFileType = file.storyboard; name = Base; path = Base.lproj/Main.storyboard; sourceTree = "<group>"; };
		2D66893B1F79E5DD001F56ED /* Assets.xcassets */ = {isa = PBXFileReference; lastKnownFileType = folder.assetcatalog; path = Assets.xcassets; sourceTree = "<group>"; };
		2D66893E1F79E5DD001F56ED /* Base */ = {isa = PBXFileReference; lastKnownFileType = file.storyboard; name = Base; path = Base.lproj/LaunchScreen.storyboard; sourceTree = "<group>"; };
		2D6689401F79E5DD001F56ED /* Info.plist */ = {isa = PBXFileReference; lastKnownFileType = text.plist.xml; path = Info.plist; sourceTree = "<group>"; };
		2D6689451F79E5DD001F56ED /* DashboardTests.xctest */ = {isa = PBXFileReference; explicitFileType = wrapper.cfbundle; includeInIndex = 0; path = DashboardTests.xctest; sourceTree = BUILT_PRODUCTS_DIR; };
		2D6689491F79E5DD001F56ED /* DashboardTests.swift */ = {isa = PBXFileReference; lastKnownFileType = sourcecode.swift; path = DashboardTests.swift; sourceTree = "<group>"; };
		2D66894B1F79E5DD001F56ED /* Info.plist */ = {isa = PBXFileReference; lastKnownFileType = text.plist.xml; path = Info.plist; sourceTree = "<group>"; };
		2D6689501F79E5DD001F56ED /* DashboardUITests.xctest */ = {isa = PBXFileReference; explicitFileType = wrapper.cfbundle; includeInIndex = 0; path = DashboardUITests.xctest; sourceTree = BUILT_PRODUCTS_DIR; };
		2D6689541F79E5DD001F56ED /* DashboardUITests.swift */ = {isa = PBXFileReference; lastKnownFileType = sourcecode.swift; path = DashboardUITests.swift; sourceTree = "<group>"; };
		2D6689561F79E5DD001F56ED /* Info.plist */ = {isa = PBXFileReference; lastKnownFileType = text.plist.xml; path = Info.plist; sourceTree = "<group>"; };
		2DC05D4C1F809F3100490C21 /* DashboardService.swift */ = {isa = PBXFileReference; lastKnownFileType = sourcecode.swift; path = DashboardService.swift; sourceTree = "<group>"; };
		2DC05D4F1F80A10C00490C21 /* DashboardConstant.swift */ = {isa = PBXFileReference; lastKnownFileType = sourcecode.swift; path = DashboardConstant.swift; sourceTree = "<group>"; };
		2DC05D511F80A1D900490C21 /* Omzet.swift */ = {isa = PBXFileReference; lastKnownFileType = sourcecode.swift; path = Omzet.swift; sourceTree = "<group>"; };
		2DD56C5F1FA4F1E50061B21F /* NetProfit.swift */ = {isa = PBXFileReference; lastKnownFileType = sourcecode.swift; path = NetProfit.swift; sourceTree = "<group>"; };
		2DE0FB261F7A0370007A89A5 /* DashboardChart.swift */ = {isa = PBXFileReference; lastKnownFileType = sourcecode.swift; path = DashboardChart.swift; sourceTree = "<group>"; };
		2DEE42141F7B7FD900BB6A52 /* MonthSlider.swift */ = {isa = PBXFileReference; lastKnownFileType = sourcecode.swift; path = MonthSlider.swift; sourceTree = "<group>"; };
		6E9939B0A6A2151628954B86 /* Pods-Dashboard.release.xcconfig */ = {isa = PBXFileReference; includeInIndex = 1; lastKnownFileType = text.xcconfig; name = "Pods-Dashboard.release.xcconfig"; path = "Pods/Target Support Files/Pods-Dashboard/Pods-Dashboard.release.xcconfig"; sourceTree = "<group>"; };
		99F83BF65BA3E2A5DDC18765 /* Pods_DashboardUITests.framework */ = {isa = PBXFileReference; explicitFileType = wrapper.framework; includeInIndex = 0; path = Pods_DashboardUITests.framework; sourceTree = BUILT_PRODUCTS_DIR; };
		AB1F52F619696214FEA5FB4C /* Pods_Dashboard.framework */ = {isa = PBXFileReference; explicitFileType = wrapper.framework; includeInIndex = 0; path = Pods_Dashboard.framework; sourceTree = BUILT_PRODUCTS_DIR; };
		D429970E6E9217B3097ECD18 /* Pods-Dashboard.debug.xcconfig */ = {isa = PBXFileReference; includeInIndex = 1; lastKnownFileType = text.xcconfig; name = "Pods-Dashboard.debug.xcconfig"; path = "Pods/Target Support Files/Pods-Dashboard/Pods-Dashboard.debug.xcconfig"; sourceTree = "<group>"; };
		DA608067D6D4BBC220670F56 /* Pods-DashboardTests.debug.xcconfig */ = {isa = PBXFileReference; includeInIndex = 1; lastKnownFileType = text.xcconfig; name = "Pods-DashboardTests.debug.xcconfig"; path = "Pods/Target Support Files/Pods-DashboardTests/Pods-DashboardTests.debug.xcconfig"; sourceTree = "<group>"; };
/* End PBXFileReference section */

/* Begin PBXFrameworksBuildPhase section */
		2D66892E1F79E5DD001F56ED /* Frameworks */ = {
			isa = PBXFrameworksBuildPhase;
			buildActionMask = 2147483647;
			files = (
				2E9E96CB9BE788583DD04EDE /* Pods_Dashboard.framework in Frameworks */,
			);
			runOnlyForDeploymentPostprocessing = 0;
		};
		2D6689421F79E5DD001F56ED /* Frameworks */ = {
			isa = PBXFrameworksBuildPhase;
			buildActionMask = 2147483647;
			files = (
				5FD51D914DFD8F9DDA2B9758 /* Pods_DashboardTests.framework in Frameworks */,
			);
			runOnlyForDeploymentPostprocessing = 0;
		};
		2D66894D1F79E5DD001F56ED /* Frameworks */ = {
			isa = PBXFrameworksBuildPhase;
			buildActionMask = 2147483647;
			files = (
				C39F42A39ABD44FFF2CDABBD /* Pods_DashboardUITests.framework in Frameworks */,
			);
			runOnlyForDeploymentPostprocessing = 0;
		};
/* End PBXFrameworksBuildPhase section */

/* Begin PBXGroup section */
		0F92BAF13AD4224288C57B7D /* Frameworks */ = {
			isa = PBXGroup;
			children = (
				AB1F52F619696214FEA5FB4C /* Pods_Dashboard.framework */,
				0AFC58273D4D70DC2D0558DB /* Pods_DashboardTests.framework */,
				99F83BF65BA3E2A5DDC18765 /* Pods_DashboardUITests.framework */,
			);
			name = Frameworks;
			sourceTree = "<group>";
		};
		2D3B366A1F7E3C78009E9E65 /* Controllers */ = {
			isa = PBXGroup;
			children = (
				2D3B36681F7DE413009E9E65 /* MonthYearPickerViewController.swift */,
				2D3B366B1F7E6003009E9E65 /* ChartViewController.swift */,
			);
			path = Controllers;
			sourceTree = "<group>";
		};
		2D5E80021F7DBCC90065B656 /* Helpers */ = {
			isa = PBXGroup;
			children = (
			);
			path = Helpers;
			sourceTree = "<group>";
		};
		2D6689281F79E5DD001F56ED = {
			isa = PBXGroup;
			children = (
				2D6689331F79E5DD001F56ED /* Dashboard */,
				2D6689481F79E5DD001F56ED /* DashboardTests */,
				2D6689531F79E5DD001F56ED /* DashboardUITests */,
				2D6689321F79E5DD001F56ED /* Products */,
				B379804CCEEDEA84394652FF /* Pods */,
				0F92BAF13AD4224288C57B7D /* Frameworks */,
			);
			sourceTree = "<group>";
		};
		2D6689321F79E5DD001F56ED /* Products */ = {
			isa = PBXGroup;
			children = (
				2D6689311F79E5DD001F56ED /* Dashboard.app */,
				2D6689451F79E5DD001F56ED /* DashboardTests.xctest */,
				2D6689501F79E5DD001F56ED /* DashboardUITests.xctest */,
			);
			name = Products;
			sourceTree = "<group>";
		};
		2D6689331F79E5DD001F56ED /* Dashboard */ = {
			isa = PBXGroup;
			children = (
				2DC05D4E1F80A0C900490C21 /* Models */,
				2DC3E8BB1F8004E800BD0C9C /* Services */,
				2D3B366A1F7E3C78009E9E65 /* Controllers */,
				2D5E80021F7DBCC90065B656 /* Helpers */,
				2DE0FB281F7A0388007A89A5 /* Components */,
				2D6689341F79E5DD001F56ED /* AppDelegate.swift */,
				2D6689361F79E5DD001F56ED /* ViewController.swift */,
				2D6689381F79E5DD001F56ED /* Main.storyboard */,
				2D66893B1F79E5DD001F56ED /* Assets.xcassets */,
				2D66893D1F79E5DD001F56ED /* LaunchScreen.storyboard */,
				2D6689401F79E5DD001F56ED /* Info.plist */,
				2D5E80031F7DC8BF0065B656 /* MainViewController.swift */,
				2D63C83A1F7DCD680056E8BF /* Constant.swift */,
			);
			path = Dashboard;
			sourceTree = "<group>";
		};
		2D6689481F79E5DD001F56ED /* DashboardTests */ = {
			isa = PBXGroup;
			children = (
				2D6689491F79E5DD001F56ED /* DashboardTests.swift */,
				2D66894B1F79E5DD001F56ED /* Info.plist */,
			);
			path = DashboardTests;
			sourceTree = "<group>";
		};
		2D6689531F79E5DD001F56ED /* DashboardUITests */ = {
			isa = PBXGroup;
			children = (
				2D6689541F79E5DD001F56ED /* DashboardUITests.swift */,
				2D6689561F79E5DD001F56ED /* Info.plist */,
			);
			path = DashboardUITests;
			sourceTree = "<group>";
		};
		2DC05D4E1F80A0C900490C21 /* Models */ = {
			isa = PBXGroup;
			children = (
				2DC05D511F80A1D900490C21 /* Omzet.swift */,
				2DD56C5F1FA4F1E50061B21F /* NetProfit.swift */,
			);
			path = Models;
			sourceTree = "<group>";
		};
		2DC3E8BB1F8004E800BD0C9C /* Services */ = {
			isa = PBXGroup;
			children = (
				2DC05D4C1F809F3100490C21 /* DashboardService.swift */,
				2DC05D4F1F80A10C00490C21 /* DashboardConstant.swift */,
				2D1A11931F9E32B3004295A0 /* JSONParser.swift */,
			);
			path = Services;
			sourceTree = "<group>";
		};
		2DE0FB281F7A0388007A89A5 /* Components */ = {
			isa = PBXGroup;
			children = (
				2DE0FB261F7A0370007A89A5 /* DashboardChart.swift */,
				2DEE42141F7B7FD900BB6A52 /* MonthSlider.swift */,
				2D5E7FFC1F7CEFE00065B656 /* SummaryTableViewCell.swift */,
				2D5E80001F7D43EB0065B656 /* SimpleSummaryTableViewCell.swift */,
				2D5E7FFE1F7CF16A0065B656 /* Triangle.swift */,
				2D3B36661F7DE2AB009E9E65 /* MonthYearPickerView.swift */,
			);
			path = Components;
			sourceTree = "<group>";
		};
		B379804CCEEDEA84394652FF /* Pods */ = {
			isa = PBXGroup;
			children = (
				D429970E6E9217B3097ECD18 /* Pods-Dashboard.debug.xcconfig */,
				6E9939B0A6A2151628954B86 /* Pods-Dashboard.release.xcconfig */,
				DA608067D6D4BBC220670F56 /* Pods-DashboardTests.debug.xcconfig */,
				2CBAAD23385221E30C4F6755 /* Pods-DashboardTests.release.xcconfig */,
				1DF25D03480E6536FC84A187 /* Pods-DashboardUITests.debug.xcconfig */,
				23D5393780292FE68267E4A7 /* Pods-DashboardUITests.release.xcconfig */,
			);
			name = Pods;
			sourceTree = "<group>";
		};
/* End PBXGroup section */

/* Begin PBXNativeTarget section */
		2D6689301F79E5DD001F56ED /* Dashboard */ = {
			isa = PBXNativeTarget;
			buildConfigurationList = 2D6689591F79E5DD001F56ED /* Build configuration list for PBXNativeTarget "Dashboard" */;
			buildPhases = (
				1CFA50E39A614ABB97501F4C /* [CP] Check Pods Manifest.lock */,
				2D66892D1F79E5DD001F56ED /* Sources */,
				2D66892E1F79E5DD001F56ED /* Frameworks */,
				2D66892F1F79E5DD001F56ED /* Resources */,
				F13D6D923B12A781DEE13D74 /* [CP] Embed Pods Frameworks */,
				DC3BCB93AF42FB1A94DC103D /* [CP] Copy Pods Resources */,
			);
			buildRules = (
			);
			dependencies = (
			);
			name = Dashboard;
			productName = Dashboard;
			productReference = 2D6689311F79E5DD001F56ED /* Dashboard.app */;
			productType = "com.apple.product-type.application";
		};
		2D6689441F79E5DD001F56ED /* DashboardTests */ = {
			isa = PBXNativeTarget;
			buildConfigurationList = 2D66895C1F79E5DD001F56ED /* Build configuration list for PBXNativeTarget "DashboardTests" */;
			buildPhases = (
				C9E44A3C78A78DF934116788 /* [CP] Check Pods Manifest.lock */,
				2D6689411F79E5DD001F56ED /* Sources */,
				2D6689421F79E5DD001F56ED /* Frameworks */,
				2D6689431F79E5DD001F56ED /* Resources */,
				75E664FA09AFAB0FD038449C /* [CP] Embed Pods Frameworks */,
				7203492114B6C2FCB4FAF472 /* [CP] Copy Pods Resources */,
			);
			buildRules = (
			);
			dependencies = (
				2D6689471F79E5DD001F56ED /* PBXTargetDependency */,
			);
			name = DashboardTests;
			productName = DashboardTests;
			productReference = 2D6689451F79E5DD001F56ED /* DashboardTests.xctest */;
			productType = "com.apple.product-type.bundle.unit-test";
		};
		2D66894F1F79E5DD001F56ED /* DashboardUITests */ = {
			isa = PBXNativeTarget;
			buildConfigurationList = 2D66895F1F79E5DD001F56ED /* Build configuration list for PBXNativeTarget "DashboardUITests" */;
			buildPhases = (
				C332D29FE83EF059828E293F /* [CP] Check Pods Manifest.lock */,
				2D66894C1F79E5DD001F56ED /* Sources */,
				2D66894D1F79E5DD001F56ED /* Frameworks */,
				2D66894E1F79E5DD001F56ED /* Resources */,
				03FF63DA3763D6FACED5B9E8 /* [CP] Embed Pods Frameworks */,
				1BB12F364C1A4DEAF4409E47 /* [CP] Copy Pods Resources */,
			);
			buildRules = (
			);
			dependencies = (
				2D6689521F79E5DD001F56ED /* PBXTargetDependency */,
			);
			name = DashboardUITests;
			productName = DashboardUITests;
			productReference = 2D6689501F79E5DD001F56ED /* DashboardUITests.xctest */;
			productType = "com.apple.product-type.bundle.ui-testing";
		};
/* End PBXNativeTarget section */

/* Begin PBXProject section */
		2D6689291F79E5DD001F56ED /* Project object */ = {
			isa = PBXProject;
			attributes = {
				LastSwiftUpdateCheck = 0900;
				LastUpgradeCheck = 0900;
				ORGANIZATIONNAME = Rekon;
				TargetAttributes = {
					2D6689301F79E5DD001F56ED = {
						CreatedOnToolsVersion = 9.0;
						ProvisioningStyle = Automatic;
					};
					2D6689441F79E5DD001F56ED = {
						CreatedOnToolsVersion = 9.0;
						ProvisioningStyle = Automatic;
						TestTargetID = 2D6689301F79E5DD001F56ED;
					};
					2D66894F1F79E5DD001F56ED = {
						CreatedOnToolsVersion = 9.0;
						ProvisioningStyle = Automatic;
						TestTargetID = 2D6689301F79E5DD001F56ED;
					};
				};
			};
			buildConfigurationList = 2D66892C1F79E5DD001F56ED /* Build configuration list for PBXProject "Dashboard" */;
			compatibilityVersion = "Xcode 8.0";
			developmentRegion = en;
			hasScannedForEncodings = 0;
			knownRegions = (
				en,
				Base,
			);
			mainGroup = 2D6689281F79E5DD001F56ED;
			productRefGroup = 2D6689321F79E5DD001F56ED /* Products */;
			projectDirPath = "";
			projectRoot = "";
			targets = (
				2D6689301F79E5DD001F56ED /* Dashboard */,
				2D6689441F79E5DD001F56ED /* DashboardTests */,
				2D66894F1F79E5DD001F56ED /* DashboardUITests */,
			);
		};
/* End PBXProject section */

/* Begin PBXResourcesBuildPhase section */
		2D66892F1F79E5DD001F56ED /* Resources */ = {
			isa = PBXResourcesBuildPhase;
			buildActionMask = 2147483647;
			files = (
				2D66893F1F79E5DD001F56ED /* LaunchScreen.storyboard in Resources */,
				2D66893C1F79E5DD001F56ED /* Assets.xcassets in Resources */,
				2D66893A1F79E5DD001F56ED /* Main.storyboard in Resources */,
			);
			runOnlyForDeploymentPostprocessing = 0;
		};
		2D6689431F79E5DD001F56ED /* Resources */ = {
			isa = PBXResourcesBuildPhase;
			buildActionMask = 2147483647;
			files = (
			);
			runOnlyForDeploymentPostprocessing = 0;
		};
		2D66894E1F79E5DD001F56ED /* Resources */ = {
			isa = PBXResourcesBuildPhase;
			buildActionMask = 2147483647;
			files = (
			);
			runOnlyForDeploymentPostprocessing = 0;
		};
/* End PBXResourcesBuildPhase section */

/* Begin PBXShellScriptBuildPhase section */
		03FF63DA3763D6FACED5B9E8 /* [CP] Embed Pods Frameworks */ = {
			isa = PBXShellScriptBuildPhase;
			buildActionMask = 2147483647;
			files = (
			);
			inputPaths = (
			);
			name = "[CP] Embed Pods Frameworks";
			outputPaths = (
			);
			runOnlyForDeploymentPostprocessing = 0;
			shellPath = /bin/sh;
			shellScript = "\"${SRCROOT}/Pods/Target Support Files/Pods-DashboardUITests/Pods-DashboardUITests-frameworks.sh\"\n";
			showEnvVarsInLog = 0;
		};
		1BB12F364C1A4DEAF4409E47 /* [CP] Copy Pods Resources */ = {
			isa = PBXShellScriptBuildPhase;
			buildActionMask = 2147483647;
			files = (
			);
			inputPaths = (
			);
			name = "[CP] Copy Pods Resources";
			outputPaths = (
			);
			runOnlyForDeploymentPostprocessing = 0;
			shellPath = /bin/sh;
			shellScript = "\"${SRCROOT}/Pods/Target Support Files/Pods-DashboardUITests/Pods-DashboardUITests-resources.sh\"\n";
			showEnvVarsInLog = 0;
		};
		1CFA50E39A614ABB97501F4C /* [CP] Check Pods Manifest.lock */ = {
			isa = PBXShellScriptBuildPhase;
			buildActionMask = 2147483647;
			files = (
			);
			inputPaths = (
				"${PODS_PODFILE_DIR_PATH}/Podfile.lock",
				"${PODS_ROOT}/Manifest.lock",
			);
			name = "[CP] Check Pods Manifest.lock";
			outputPaths = (
				"$(DERIVED_FILE_DIR)/Pods-Dashboard-checkManifestLockResult.txt",
			);
			runOnlyForDeploymentPostprocessing = 0;
			shellPath = /bin/sh;
			shellScript = "diff \"${PODS_PODFILE_DIR_PATH}/Podfile.lock\" \"${PODS_ROOT}/Manifest.lock\" > /dev/null\nif [ $? != 0 ] ; then\n    # print error to STDERR\n    echo \"error: The sandbox is not in sync with the Podfile.lock. Run 'pod install' or update your CocoaPods installation.\" >&2\n    exit 1\nfi\n# This output is used by Xcode 'outputs' to avoid re-running this script phase.\necho \"SUCCESS\" > \"${SCRIPT_OUTPUT_FILE_0}\"\n";
			showEnvVarsInLog = 0;
		};
		7203492114B6C2FCB4FAF472 /* [CP] Copy Pods Resources */ = {
			isa = PBXShellScriptBuildPhase;
			buildActionMask = 2147483647;
			files = (
			);
			inputPaths = (
			);
			name = "[CP] Copy Pods Resources";
			outputPaths = (
			);
			runOnlyForDeploymentPostprocessing = 0;
			shellPath = /bin/sh;
			shellScript = "\"${SRCROOT}/Pods/Target Support Files/Pods-DashboardTests/Pods-DashboardTests-resources.sh\"\n";
			showEnvVarsInLog = 0;
		};
		75E664FA09AFAB0FD038449C /* [CP] Embed Pods Frameworks */ = {
			isa = PBXShellScriptBuildPhase;
			buildActionMask = 2147483647;
			files = (
			);
			inputPaths = (
			);
			name = "[CP] Embed Pods Frameworks";
			outputPaths = (
			);
			runOnlyForDeploymentPostprocessing = 0;
			shellPath = /bin/sh;
			shellScript = "\"${SRCROOT}/Pods/Target Support Files/Pods-DashboardTests/Pods-DashboardTests-frameworks.sh\"\n";
			showEnvVarsInLog = 0;
		};
		C332D29FE83EF059828E293F /* [CP] Check Pods Manifest.lock */ = {
			isa = PBXShellScriptBuildPhase;
			buildActionMask = 2147483647;
			files = (
			);
			inputPaths = (
				"${PODS_PODFILE_DIR_PATH}/Podfile.lock",
				"${PODS_ROOT}/Manifest.lock",
			);
			name = "[CP] Check Pods Manifest.lock";
			outputPaths = (
				"$(DERIVED_FILE_DIR)/Pods-DashboardUITests-checkManifestLockResult.txt",
			);
			runOnlyForDeploymentPostprocessing = 0;
			shellPath = /bin/sh;
			shellScript = "diff \"${PODS_PODFILE_DIR_PATH}/Podfile.lock\" \"${PODS_ROOT}/Manifest.lock\" > /dev/null\nif [ $? != 0 ] ; then\n    # print error to STDERR\n    echo \"error: The sandbox is not in sync with the Podfile.lock. Run 'pod install' or update your CocoaPods installation.\" >&2\n    exit 1\nfi\n# This output is used by Xcode 'outputs' to avoid re-running this script phase.\necho \"SUCCESS\" > \"${SCRIPT_OUTPUT_FILE_0}\"\n";
			showEnvVarsInLog = 0;
		};
		C9E44A3C78A78DF934116788 /* [CP] Check Pods Manifest.lock */ = {
			isa = PBXShellScriptBuildPhase;
			buildActionMask = 2147483647;
			files = (
			);
			inputPaths = (
				"${PODS_PODFILE_DIR_PATH}/Podfile.lock",
				"${PODS_ROOT}/Manifest.lock",
			);
			name = "[CP] Check Pods Manifest.lock";
			outputPaths = (
				"$(DERIVED_FILE_DIR)/Pods-DashboardTests-checkManifestLockResult.txt",
			);
			runOnlyForDeploymentPostprocessing = 0;
			shellPath = /bin/sh;
			shellScript = "diff \"${PODS_PODFILE_DIR_PATH}/Podfile.lock\" \"${PODS_ROOT}/Manifest.lock\" > /dev/null\nif [ $? != 0 ] ; then\n    # print error to STDERR\n    echo \"error: The sandbox is not in sync with the Podfile.lock. Run 'pod install' or update your CocoaPods installation.\" >&2\n    exit 1\nfi\n# This output is used by Xcode 'outputs' to avoid re-running this script phase.\necho \"SUCCESS\" > \"${SCRIPT_OUTPUT_FILE_0}\"\n";
			showEnvVarsInLog = 0;
		};
		DC3BCB93AF42FB1A94DC103D /* [CP] Copy Pods Resources */ = {
			isa = PBXShellScriptBuildPhase;
			buildActionMask = 2147483647;
			files = (
			);
			inputPaths = (
			);
			name = "[CP] Copy Pods Resources";
			outputPaths = (
			);
			runOnlyForDeploymentPostprocessing = 0;
			shellPath = /bin/sh;
			shellScript = "\"${SRCROOT}/Pods/Target Support Files/Pods-Dashboard/Pods-Dashboard-resources.sh\"\n";
			showEnvVarsInLog = 0;
		};
		F13D6D923B12A781DEE13D74 /* [CP] Embed Pods Frameworks */ = {
			isa = PBXShellScriptBuildPhase;
			buildActionMask = 2147483647;
			files = (
			);
			inputPaths = (
				"${SRCROOT}/Pods/Target Support Files/Pods-Dashboard/Pods-Dashboard-frameworks.sh",
				"${BUILT_PRODUCTS_DIR}/Alamofire/Alamofire.framework",
				"${BUILT_PRODUCTS_DIR}/Charts/Charts.framework",
			);
			name = "[CP] Embed Pods Frameworks";
			outputPaths = (
				"${TARGET_BUILD_DIR}/${FRAMEWORKS_FOLDER_PATH}/Alamofire.framework",
				"${TARGET_BUILD_DIR}/${FRAMEWORKS_FOLDER_PATH}/Charts.framework",
			);
			runOnlyForDeploymentPostprocessing = 0;
			shellPath = /bin/sh;
			shellScript = "\"${SRCROOT}/Pods/Target Support Files/Pods-Dashboard/Pods-Dashboard-frameworks.sh\"\n";
			showEnvVarsInLog = 0;
		};
/* End PBXShellScriptBuildPhase section */

/* Begin PBXSourcesBuildPhase section */
		2D66892D1F79E5DD001F56ED /* Sources */ = {
			isa = PBXSourcesBuildPhase;
			buildActionMask = 2147483647;
			files = (
				2DE0FB271F7A0370007A89A5 /* DashboardChart.swift in Sources */,
				2DD56C601FA4F1E50061B21F /* NetProfit.swift in Sources */,
				2DEE42151F7B7FD900BB6A52 /* MonthSlider.swift in Sources */,
				2D1A11941F9E32B3004295A0 /* JSONParser.swift in Sources */,
				2D63C83B1F7DCD680056E8BF /* Constant.swift in Sources */,
				2D6689371F79E5DD001F56ED /* ViewController.swift in Sources */,
				2DC05D501F80A10C00490C21 /* DashboardConstant.swift in Sources */,
				2D5E80011F7D43EB0065B656 /* SimpleSummaryTableViewCell.swift in Sources */,
				2D3B366C1F7E6003009E9E65 /* ChartViewController.swift in Sources */,
				2D5E7FFF1F7CF16A0065B656 /* Triangle.swift in Sources */,
				2DC05D4D1F809F3100490C21 /* DashboardService.swift in Sources */,
				2D3B36671F7DE2AB009E9E65 /* MonthYearPickerView.swift in Sources */,
				2D5E7FFD1F7CEFE00065B656 /* SummaryTableViewCell.swift in Sources */,
				2DC05D521F80A1D900490C21 /* Omzet.swift in Sources */,
				2D3B36691F7DE413009E9E65 /* MonthYearPickerViewController.swift in Sources */,
				2D6689351F79E5DD001F56ED /* AppDelegate.swift in Sources */,
				2D5E80041F7DC8BF0065B656 /* MainViewController.swift in Sources */,
			);
			runOnlyForDeploymentPostprocessing = 0;
		};
		2D6689411F79E5DD001F56ED /* Sources */ = {
			isa = PBXSourcesBuildPhase;
			buildActionMask = 2147483647;
			files = (
				2D66894A1F79E5DD001F56ED /* DashboardTests.swift in Sources */,
			);
			runOnlyForDeploymentPostprocessing = 0;
		};
		2D66894C1F79E5DD001F56ED /* Sources */ = {
			isa = PBXSourcesBuildPhase;
			buildActionMask = 2147483647;
			files = (
				2D6689551F79E5DD001F56ED /* DashboardUITests.swift in Sources */,
			);
			runOnlyForDeploymentPostprocessing = 0;
		};
/* End PBXSourcesBuildPhase section */

/* Begin PBXTargetDependency section */
		2D6689471F79E5DD001F56ED /* PBXTargetDependency */ = {
			isa = PBXTargetDependency;
			target = 2D6689301F79E5DD001F56ED /* Dashboard */;
			targetProxy = 2D6689461F79E5DD001F56ED /* PBXContainerItemProxy */;
		};
		2D6689521F79E5DD001F56ED /* PBXTargetDependency */ = {
			isa = PBXTargetDependency;
			target = 2D6689301F79E5DD001F56ED /* Dashboard */;
			targetProxy = 2D6689511F79E5DD001F56ED /* PBXContainerItemProxy */;
		};
/* End PBXTargetDependency section */

/* Begin PBXVariantGroup section */
		2D6689381F79E5DD001F56ED /* Main.storyboard */ = {
			isa = PBXVariantGroup;
			children = (
				2D6689391F79E5DD001F56ED /* Base */,
			);
			name = Main.storyboard;
			sourceTree = "<group>";
		};
		2D66893D1F79E5DD001F56ED /* LaunchScreen.storyboard */ = {
			isa = PBXVariantGroup;
			children = (
				2D66893E1F79E5DD001F56ED /* Base */,
			);
			name = LaunchScreen.storyboard;
			sourceTree = "<group>";
		};
/* End PBXVariantGroup section */

/* Begin XCBuildConfiguration section */
		2D6689571F79E5DD001F56ED /* Debug */ = {
			isa = XCBuildConfiguration;
			buildSettings = {
				ALWAYS_SEARCH_USER_PATHS = NO;
				CLANG_ANALYZER_NONNULL = YES;
				CLANG_ANALYZER_NUMBER_OBJECT_CONVERSION = YES_AGGRESSIVE;
				CLANG_CXX_LANGUAGE_STANDARD = "gnu++14";
				CLANG_CXX_LIBRARY = "libc++";
				CLANG_ENABLE_MODULES = YES;
				CLANG_ENABLE_OBJC_ARC = YES;
				CLANG_WARN_BLOCK_CAPTURE_AUTORELEASING = YES;
				CLANG_WARN_BOOL_CONVERSION = YES;
				CLANG_WARN_COMMA = YES;
				CLANG_WARN_CONSTANT_CONVERSION = YES;
				CLANG_WARN_DIRECT_OBJC_ISA_USAGE = YES_ERROR;
				CLANG_WARN_DOCUMENTATION_COMMENTS = YES;
				CLANG_WARN_EMPTY_BODY = YES;
				CLANG_WARN_ENUM_CONVERSION = YES;
				CLANG_WARN_INFINITE_RECURSION = YES;
				CLANG_WARN_INT_CONVERSION = YES;
				CLANG_WARN_NON_LITERAL_NULL_CONVERSION = YES;
				CLANG_WARN_OBJC_LITERAL_CONVERSION = YES;
				CLANG_WARN_OBJC_ROOT_CLASS = YES_ERROR;
				CLANG_WARN_RANGE_LOOP_ANALYSIS = YES;
				CLANG_WARN_STRICT_PROTOTYPES = YES;
				CLANG_WARN_SUSPICIOUS_MOVE = YES;
				CLANG_WARN_UNGUARDED_AVAILABILITY = YES_AGGRESSIVE;
				CLANG_WARN_UNREACHABLE_CODE = YES;
				CLANG_WARN__DUPLICATE_METHOD_MATCH = YES;
				CODE_SIGN_IDENTITY = "iPhone Developer";
				COPY_PHASE_STRIP = NO;
				DEBUG_INFORMATION_FORMAT = dwarf;
				ENABLE_STRICT_OBJC_MSGSEND = YES;
				ENABLE_TESTABILITY = YES;
				GCC_C_LANGUAGE_STANDARD = gnu11;
				GCC_DYNAMIC_NO_PIC = NO;
				GCC_NO_COMMON_BLOCKS = YES;
				GCC_OPTIMIZATION_LEVEL = 0;
				GCC_PREPROCESSOR_DEFINITIONS = (
					"DEBUG=1",
					"$(inherited)",
				);
				GCC_WARN_64_TO_32_BIT_CONVERSION = YES;
				GCC_WARN_ABOUT_RETURN_TYPE = YES_ERROR;
				GCC_WARN_UNDECLARED_SELECTOR = YES;
				GCC_WARN_UNINITIALIZED_AUTOS = YES_AGGRESSIVE;
				GCC_WARN_UNUSED_FUNCTION = YES;
				GCC_WARN_UNUSED_VARIABLE = YES;
				IPHONEOS_DEPLOYMENT_TARGET = 11.0;
				MTL_ENABLE_DEBUG_INFO = YES;
				ONLY_ACTIVE_ARCH = YES;
				SDKROOT = iphoneos;
				SWIFT_ACTIVE_COMPILATION_CONDITIONS = DEBUG;
				SWIFT_OPTIMIZATION_LEVEL = "-Onone";
			};
			name = Debug;
		};
		2D6689581F79E5DD001F56ED /* Release */ = {
			isa = XCBuildConfiguration;
			buildSettings = {
				ALWAYS_SEARCH_USER_PATHS = NO;
				CLANG_ANALYZER_NONNULL = YES;
				CLANG_ANALYZER_NUMBER_OBJECT_CONVERSION = YES_AGGRESSIVE;
				CLANG_CXX_LANGUAGE_STANDARD = "gnu++14";
				CLANG_CXX_LIBRARY = "libc++";
				CLANG_ENABLE_MODULES = YES;
				CLANG_ENABLE_OBJC_ARC = YES;
				CLANG_WARN_BLOCK_CAPTURE_AUTORELEASING = YES;
				CLANG_WARN_BOOL_CONVERSION = YES;
				CLANG_WARN_COMMA = YES;
				CLANG_WARN_CONSTANT_CONVERSION = YES;
				CLANG_WARN_DIRECT_OBJC_ISA_USAGE = YES_ERROR;
				CLANG_WARN_DOCUMENTATION_COMMENTS = YES;
				CLANG_WARN_EMPTY_BODY = YES;
				CLANG_WARN_ENUM_CONVERSION = YES;
				CLANG_WARN_INFINITE_RECURSION = YES;
				CLANG_WARN_INT_CONVERSION = YES;
				CLANG_WARN_NON_LITERAL_NULL_CONVERSION = YES;
				CLANG_WARN_OBJC_LITERAL_CONVERSION = YES;
				CLANG_WARN_OBJC_ROOT_CLASS = YES_ERROR;
				CLANG_WARN_RANGE_LOOP_ANALYSIS = YES;
				CLANG_WARN_STRICT_PROTOTYPES = YES;
				CLANG_WARN_SUSPICIOUS_MOVE = YES;
				CLANG_WARN_UNGUARDED_AVAILABILITY = YES_AGGRESSIVE;
				CLANG_WARN_UNREACHABLE_CODE = YES;
				CLANG_WARN__DUPLICATE_METHOD_MATCH = YES;
				CODE_SIGN_IDENTITY = "iPhone Developer";
				COPY_PHASE_STRIP = NO;
				DEBUG_INFORMATION_FORMAT = "dwarf-with-dsym";
				ENABLE_NS_ASSERTIONS = NO;
				ENABLE_STRICT_OBJC_MSGSEND = YES;
				GCC_C_LANGUAGE_STANDARD = gnu11;
				GCC_NO_COMMON_BLOCKS = YES;
				GCC_WARN_64_TO_32_BIT_CONVERSION = YES;
				GCC_WARN_ABOUT_RETURN_TYPE = YES_ERROR;
				GCC_WARN_UNDECLARED_SELECTOR = YES;
				GCC_WARN_UNINITIALIZED_AUTOS = YES_AGGRESSIVE;
				GCC_WARN_UNUSED_FUNCTION = YES;
				GCC_WARN_UNUSED_VARIABLE = YES;
				IPHONEOS_DEPLOYMENT_TARGET = 11.0;
				MTL_ENABLE_DEBUG_INFO = NO;
				SDKROOT = iphoneos;
				SWIFT_OPTIMIZATION_LEVEL = "-Owholemodule";
				VALIDATE_PRODUCT = YES;
			};
			name = Release;
		};
		2D66895A1F79E5DD001F56ED /* Debug */ = {
			isa = XCBuildConfiguration;
			baseConfigurationReference = D429970E6E9217B3097ECD18 /* Pods-Dashboard.debug.xcconfig */;
			buildSettings = {
				ASSETCATALOG_COMPILER_APPICON_NAME = AppIcon;
				CODE_SIGN_STYLE = Automatic;
				DEVELOPMENT_TEAM = U48P8SU85A;
				INFOPLIST_FILE = Dashboard/Info.plist;
				IPHONEOS_DEPLOYMENT_TARGET = 10.1;
				LD_RUNPATH_SEARCH_PATHS = "$(inherited) @executable_path/Frameworks";
				PRODUCT_BUNDLE_IDENTIFIER = id.co.wikarekon.Dashboard;
				PRODUCT_NAME = "$(TARGET_NAME)";
				SWIFT_VERSION = 4.0;
				TARGETED_DEVICE_FAMILY = 1;
			};
			name = Debug;
		};
		2D66895B1F79E5DD001F56ED /* Release */ = {
			isa = XCBuildConfiguration;
			baseConfigurationReference = 6E9939B0A6A2151628954B86 /* Pods-Dashboard.release.xcconfig */;
			buildSettings = {
				ASSETCATALOG_COMPILER_APPICON_NAME = AppIcon;
				CODE_SIGN_STYLE = Automatic;
				DEVELOPMENT_TEAM = U48P8SU85A;
				INFOPLIST_FILE = Dashboard/Info.plist;
				IPHONEOS_DEPLOYMENT_TARGET = 10.1;
				LD_RUNPATH_SEARCH_PATHS = "$(inherited) @executable_path/Frameworks";
				PRODUCT_BUNDLE_IDENTIFIER = id.co.wikarekon.Dashboard;
				PRODUCT_NAME = "$(TARGET_NAME)";
				SWIFT_VERSION = 4.0;
				TARGETED_DEVICE_FAMILY = 1;
			};
			name = Release;
		};
		2D66895D1F79E5DD001F56ED /* Debug */ = {
			isa = XCBuildConfiguration;
			baseConfigurationReference = DA608067D6D4BBC220670F56 /* Pods-DashboardTests.debug.xcconfig */;
			buildSettings = {
				ALWAYS_EMBED_SWIFT_STANDARD_LIBRARIES = YES;
				BUNDLE_LOADER = "$(TEST_HOST)";
				CODE_SIGN_STYLE = Automatic;
				DEVELOPMENT_TEAM = U48P8SU85A;
				INFOPLIST_FILE = DashboardTests/Info.plist;
				LD_RUNPATH_SEARCH_PATHS = "$(inherited) @executable_path/Frameworks @loader_path/Frameworks";
				PRODUCT_BUNDLE_IDENTIFIER = id.co.wikarekon.DashboardTests;
				PRODUCT_NAME = "$(TARGET_NAME)";
				SWIFT_VERSION = 4.0;
				TARGETED_DEVICE_FAMILY = "1,2";
				TEST_HOST = "$(BUILT_PRODUCTS_DIR)/Dashboard.app/Dashboard";
			};
			name = Debug;
		};
		2D66895E1F79E5DD001F56ED /* Release */ = {
			isa = XCBuildConfiguration;
			baseConfigurationReference = 2CBAAD23385221E30C4F6755 /* Pods-DashboardTests.release.xcconfig */;
			buildSettings = {
				ALWAYS_EMBED_SWIFT_STANDARD_LIBRARIES = YES;
				BUNDLE_LOADER = "$(TEST_HOST)";
				CODE_SIGN_STYLE = Automatic;
				DEVELOPMENT_TEAM = U48P8SU85A;
				INFOPLIST_FILE = DashboardTests/Info.plist;
				LD_RUNPATH_SEARCH_PATHS = "$(inherited) @executable_path/Frameworks @loader_path/Frameworks";
				PRODUCT_BUNDLE_IDENTIFIER = id.co.wikarekon.DashboardTests;
				PRODUCT_NAME = "$(TARGET_NAME)";
				SWIFT_VERSION = 4.0;
				TARGETED_DEVICE_FAMILY = "1,2";
				TEST_HOST = "$(BUILT_PRODUCTS_DIR)/Dashboard.app/Dashboard";
			};
			name = Release;
		};
		2D6689601F79E5DD001F56ED /* Debug */ = {
			isa = XCBuildConfiguration;
			baseConfigurationReference = 1DF25D03480E6536FC84A187 /* Pods-DashboardUITests.debug.xcconfig */;
			buildSettings = {
				ALWAYS_EMBED_SWIFT_STANDARD_LIBRARIES = YES;
				CODE_SIGN_STYLE = Automatic;
				DEVELOPMENT_TEAM = U48P8SU85A;
				INFOPLIST_FILE = DashboardUITests/Info.plist;
				LD_RUNPATH_SEARCH_PATHS = "$(inherited) @executable_path/Frameworks @loader_path/Frameworks";
				PRODUCT_BUNDLE_IDENTIFIER = id.co.wikarekon.DashboardUITests;
				PRODUCT_NAME = "$(TARGET_NAME)";
				SWIFT_VERSION = 4.0;
				TARGETED_DEVICE_FAMILY = "1,2";
				TEST_TARGET_NAME = Dashboard;
			};
			name = Debug;
		};
		2D6689611F79E5DD001F56ED /* Release */ = {
			isa = XCBuildConfiguration;
			baseConfigurationReference = 23D5393780292FE68267E4A7 /* Pods-DashboardUITests.release.xcconfig */;
			buildSettings = {
				ALWAYS_EMBED_SWIFT_STANDARD_LIBRARIES = YES;
				CODE_SIGN_STYLE = Automatic;
				DEVELOPMENT_TEAM = U48P8SU85A;
				INFOPLIST_FILE = DashboardUITests/Info.plist;
				LD_RUNPATH_SEARCH_PATHS = "$(inherited) @executable_path/Frameworks @loader_path/Frameworks";
				PRODUCT_BUNDLE_IDENTIFIER = id.co.wikarekon.DashboardUITests;
				PRODUCT_NAME = "$(TARGET_NAME)";
				SWIFT_VERSION = 4.0;
				TARGETED_DEVICE_FAMILY = "1,2";
				TEST_TARGET_NAME = Dashboard;
			};
			name = Release;
		};
/* End XCBuildConfiguration section */

/* Begin XCConfigurationList section */
		2D66892C1F79E5DD001F56ED /* Build configuration list for PBXProject "Dashboard" */ = {
			isa = XCConfigurationList;
			buildConfigurations = (
				2D6689571F79E5DD001F56ED /* Debug */,
				2D6689581F79E5DD001F56ED /* Release */,
			);
			defaultConfigurationIsVisible = 0;
			defaultConfigurationName = Release;
		};
		2D6689591F79E5DD001F56ED /* Build configuration list for PBXNativeTarget "Dashboard" */ = {
			isa = XCConfigurationList;
			buildConfigurations = (
				2D66895A1F79E5DD001F56ED /* Debug */,
				2D66895B1F79E5DD001F56ED /* Release */,
			);
			defaultConfigurationIsVisible = 0;
			defaultConfigurationName = Release;
		};
		2D66895C1F79E5DD001F56ED /* Build configuration list for PBXNativeTarget "DashboardTests" */ = {
			isa = XCConfigurationList;
			buildConfigurations = (
				2D66895D1F79E5DD001F56ED /* Debug */,
				2D66895E1F79E5DD001F56ED /* Release */,
			);
			defaultConfigurationIsVisible = 0;
			defaultConfigurationName = Release;
		};
		2D66895F1F79E5DD001F56ED /* Build configuration list for PBXNativeTarget "DashboardUITests" */ = {
			isa = XCConfigurationList;
			buildConfigurations = (
				2D6689601F79E5DD001F56ED /* Debug */,
				2D6689611F79E5DD001F56ED /* Release */,
			);
			defaultConfigurationIsVisible = 0;
			defaultConfigurationName = Release;
		};
/* End XCConfigurationList section */
	};
	rootObject = 2D6689291F79E5DD001F56ED /* Project object */;
}
